
Microsoft Visual Studio Solution File, Format Version 12.00
# Visual Studio Version 16
VisualStudioVersion = 16.0.32802.440
MinimumVisualStudioVersion = 10.0.40219.1
Project("{9A19103F-16F7-4668-BE54-9A1E7A4F7556}") = "UnitedWorkProject", "UnitedWorkProject.csproj", "{5BCA5C14-F5C5-4A5C-A375-182CBFE1FD7C}"
EndProject
Project("{9A19103F-16F7-4668-BE54-9A1E7A4F7556}") = "EntityLayer", "..\EntityLayer\EntityLayer.csproj", "{D77882C6-B776-47C8-9829-A7A2CE11D70D}"
EndProject
Project("{9A19103F-16F7-4668-BE54-9A1E7A4F7556}") = "DataAccessLayer", "..\DataAccessLayer\DataAccessLayer.csproj", "{36E87DF0-CB0B-48B9-93A6-21FD48008E71}"
EndProject
Project("{9A19103F-16F7-4668-BE54-9A1E7A4F7556}") = "BusinessLayer", "..\BusinessLayer\BusinessLayer.csproj", "{055C5E42-A130-4D29-A834-76EAC52CCC41}"
EndProject
Project("{FAE04EC0-301F-11D3-BF4B-00C04F79EFBC}") = "PostApi", "..\PostApi\PostApi.csproj", "{EDA38B8C-0E6F-467C-AD8C-8F46950BDE27}"
EndProject
Global
	GlobalSection(SolutionConfigurationPlatforms) = preSolution
		Debug|Any CPU = Debug|Any CPU
		Release|Any CPU = Release|Any CPU
	EndGlobalSection
	GlobalSection(ProjectConfigurationPlatforms) = postSolution
		{5BCA5C14-F5C5-4A5C-A375-182CBFE1FD7C}.Debug|Any CPU.ActiveCfg = Debug|Any CPU
		{5BCA5C14-F5C5-4A5C-A375-182CBFE1FD7C}.Debug|Any CPU.Build.0 = Debug|Any CPU
		{5BCA5C14-F5C5-4A5C-A375-182CBFE1FD7C}.Release|Any CPU.ActiveCfg = Release|Any CPU
		{5BCA5C14-F5C5-4A5C-A375-182CBFE1FD7C}.Release|Any CPU.Build.0 = Release|Any CPU
		{D77882C6-B776-47C8-9829-A7A2CE11D70D}.Debug|Any CPU.ActiveCfg = Debug|Any CPU
		{D77882C6-B776-47C8-9829-A7A2CE11D70D}.Debug|Any CPU.Build.0 = Debug|Any CPU
		{D77882C6-B776-47C8-9829-A7A2CE11D70D}.Release|Any CPU.ActiveCfg = Release|Any CPU
		{D77882C6-B776-47C8-9829-A7A2CE11D70D}.Release|Any CPU.Build.0 = Release|Any CPU
		{36E87DF0-CB0B-48B9-93A6-21FD48008E71}.Debug|Any CPU.ActiveCfg = Debug|Any CPU
		{36E87DF0-CB0B-48B9-93A6-21FD48008E71}.Debug|Any CPU.Build.0 = Debug|Any CPU
		{36E87DF0-CB0B-48B9-93A6-21FD48008E71}.Release|Any CPU.ActiveCfg = Release|Any CPU
		{36E87DF0-CB0B-48B9-93A6-21FD48008E71}.Release|Any CPU.Build.0 = Release|Any CPU
		{055C5E42-A130-4D29-A834-76EAC52CCC41}.Debug|Any CPU.ActiveCfg = Debug|Any CPU
		{055C5E42-A130-4D29-A834-76EAC52CCC41}.Debug|Any CPU.Build.0 = Debug|Any CPU
		{055C5E42-A130-4D29-A834-76EAC52CCC41}.Release|Any CPU.ActiveCfg = Release|Any CPU
		{055C5E42-A130-4D29-A834-76EAC52CCC41}.Release|Any CPU.Build.0 = Release|Any CPU
		{EDA38B8C-0E6F-467C-AD8C-8F46950BDE27}.Debug|Any CPU.ActiveCfg = Debug|Any CPU
		{EDA38B8C-0E6F-467C-AD8C-8F46950BDE27}.Debug|Any CPU.Build.0 = Debug|Any CPU
		{EDA38B8C-0E6F-467C-AD8C-8F46950BDE27}.Release|Any CPU.ActiveCfg = Release|Any CPU
		{EDA38B8C-0E6F-467C-AD8C-8F46950BDE27}.Release|Any CPU.Build.0 = Release|Any CPU
	EndGlobalSection
	GlobalSection(SolutionProperties) = preSolution
		HideSolutionNode = FALSE
	EndGlobalSection
	GlobalSection(ExtensibilityGlobals) = postSolution
		SolutionGuid = {A46AACE3-C9EA-4BDA-9817-BBB255BA6698}
	EndGlobalSection
EndGlobal
